{
  "name": "esm-repro-issue-483",
  "version": "1.0.0",
  "lockfileVersion": 1,
  "requires": true,
  "dependencies": {
    "esm": {
      "version": "3.0.55",
      "resolved": "https://registry.npmjs.org/esm/-/esm-3.0.55.tgz",
      "integrity": "sha512-YmOhwp5znUfxH5UCfAjXg3CP5ihWa5QgG24gS0GON4DI/B+fkYTK/t7WTpMwPMqJLzPTRUKcQJ31MtRgkHPXcg=="
    }
  }
}
